
Microsoft Visual Studio Solution File, Format Version 12.00
# Visual Studio Version 17
VisualStudioVersion = 17.2.32630.192
MinimumVisualStudioVersion = 10.0.40219.1
Project("{9A19103F-16F7-4668-BE54-9A1E7A4F7556}") = "APIGateway", "APIGateway\APIGateway.csproj", "{5DFCC478-C35F-4DE8-A95E-68A304541F1C}"
EndProject
Project("{9A19103F-16F7-4668-BE54-9A1E7A4F7556}") = "AuthServer", "AuthServer\AuthServer.csproj", "{59457B98-740D-492C-8C73-1560D1E2C64C}"
EndProject
Project("{9A19103F-16F7-4668-BE54-9A1E7A4F7556}") = "CustomerAPIServices", "CustomerAPIServices\CustomerAPIServices.csproj", "{6E097462-7760-4342-82F5-8D7408A83BEF}"
EndProject
Project("{9A19103F-16F7-4668-BE54-9A1E7A4F7556}") = "ClientApp", "ClientApp\ClientApp.csproj", "{BF6A888A-4F9A-42EF-8D8B-D58A2FD14BC7}"
EndProject
Global
	GlobalSection(SolutionConfigurationPlatforms) = preSolution
		Debug|Any CPU = Debug|Any CPU
		Release|Any CPU = Release|Any CPU
	EndGlobalSection
	GlobalSection(ProjectConfigurationPlatforms) = postSolution
		{5DFCC478-C35F-4DE8-A95E-68A304541F1C}.Debug|Any CPU.ActiveCfg = Debug|Any CPU
		{5DFCC478-C35F-4DE8-A95E-68A304541F1C}.Debug|Any CPU.Build.0 = Debug|Any CPU
		{5DFCC478-C35F-4DE8-A95E-68A304541F1C}.Release|Any CPU.ActiveCfg = Release|Any CPU
		{5DFCC478-C35F-4DE8-A95E-68A304541F1C}.Release|Any CPU.Build.0 = Release|Any CPU
		{59457B98-740D-492C-8C73-1560D1E2C64C}.Debug|Any CPU.ActiveCfg = Debug|Any CPU
		{59457B98-740D-492C-8C73-1560D1E2C64C}.Debug|Any CPU.Build.0 = Debug|Any CPU
		{59457B98-740D-492C-8C73-1560D1E2C64C}.Release|Any CPU.ActiveCfg = Release|Any CPU
		{59457B98-740D-492C-8C73-1560D1E2C64C}.Release|Any CPU.Build.0 = Release|Any CPU
		{6E097462-7760-4342-82F5-8D7408A83BEF}.Debug|Any CPU.ActiveCfg = Debug|Any CPU
		{6E097462-7760-4342-82F5-8D7408A83BEF}.Debug|Any CPU.Build.0 = Debug|Any CPU
		{6E097462-7760-4342-82F5-8D7408A83BEF}.Release|Any CPU.ActiveCfg = Release|Any CPU
		{6E097462-7760-4342-82F5-8D7408A83BEF}.Release|Any CPU.Build.0 = Release|Any CPU
		{BF6A888A-4F9A-42EF-8D8B-D58A2FD14BC7}.Debug|Any CPU.ActiveCfg = Debug|Any CPU
		{BF6A888A-4F9A-42EF-8D8B-D58A2FD14BC7}.Debug|Any CPU.Build.0 = Debug|Any CPU
		{BF6A888A-4F9A-42EF-8D8B-D58A2FD14BC7}.Release|Any CPU.ActiveCfg = Release|Any CPU
		{BF6A888A-4F9A-42EF-8D8B-D58A2FD14BC7}.Release|Any CPU.Build.0 = Release|Any CPU
	EndGlobalSection
	GlobalSection(SolutionProperties) = preSolution
		HideSolutionNode = FALSE
	EndGlobalSection
	GlobalSection(ExtensibilityGlobals) = postSolution
		SolutionGuid = {7EF2E071-51F9-4C2D-A9E7-EF4C30E0FED2}
	EndGlobalSection
EndGlobal
